
Microsoft Visual Studio Solution File, Format Version 12.00
# Visual Studio Version 16
VisualStudioVersion = 16.0.31729.503
MinimumVisualStudioVersion = 10.0.40219.1
Project("{FAE04EC0-301F-11D3-BF4B-00C04F79EFBC}") = "BAI_1.1_LamQuenVoiCSharp", "BAI_1.1_LamQuenVoiCSharp\BAI_1.1_LamQuenVoiCSharp.csproj", "{B0D0A23D-294B-4B00-8F0F-B68F41E4162D}"
EndProject
Project("{FAE04EC0-301F-11D3-BF4B-00C04F79EFBC}") = "BAI_1.2_BienLaGi", "BAI_1.2_BienLaGi\BAI_1.2_BienLaGi.csproj", "{B081A142-32C7-4DA6-8B48-2640EE7D1FAC}"
EndProject
Project("{FAE04EC0-301F-11D3-BF4B-00C04F79EFBC}") = "BAI_1.3_NhapXuatGiaTriTuBanPhim", "BAI_1.3_NhapXuatGiaTriTuBanPhim\BAI_1.3_NhapXuatGiaTriTuBanPhim.csproj", "{E71DEEE3-CD79-415D-9BCF-B336E82C3560}"
EndProject
Project("{FAE04EC0-301F-11D3-BF4B-00C04F79EFBC}") = "Bai_1.4_EpKieu", "Bai_1.4_EpKieu\Bai_1.4_EpKieu.csproj", "{2FB1EDFF-99A2-4F1D-9A31-4C3C824B5162}"
EndProject
Project("{FAE04EC0-301F-11D3-BF4B-00C04F79EFBC}") = "Bai_1.5_ToanTuTrongLapTrinh", "Bai_1.5_ToanTuTrongLapTrinh\Bai_1.5_ToanTuTrongLapTrinh.csproj", "{340870B1-217E-478A-8FC7-9E3F7D3A64AB}"
EndProject
Project("{FAE04EC0-301F-11D3-BF4B-00C04F79EFBC}") = "Bai_1.6_CauLenh_IF", "Bai_1.6_CauLenh_IF\Bai_1.6_CauLenh_IF.csproj", "{BAA44330-00A1-40BE-AAF9-6BFB57640F16}"
EndProject
Project("{FAE04EC0-301F-11D3-BF4B-00C04F79EFBC}") = "Bai_1.7_CauLenh_Else", "Bai_1.7_CauLenh_Else\Bai_1.7_CauLenh_Else.csproj", "{993BD25B-8972-4CBE-88F0-C73A04AE427C}"
EndProject
Project("{FAE04EC0-301F-11D3-BF4B-00C04F79EFBC}") = "Bai_1.8_CauLenh_Else_If", "Bai_1.8_CauLenh_Else_If\Bai_1.8_CauLenh_Else_If.csproj", "{D91ACFF4-1297-4E32-9659-B08AC488ED1C}"
EndProject
Project("{FAE04EC0-301F-11D3-BF4B-00C04F79EFBC}") = "Bai_1.9_ToanTuBaNgoi", "Bai_1._9_ToanTuBaNgoi\Bai_1.9_ToanTuBaNgoi.csproj", "{EFABBD2A-C698-4598-A887-6F69075866DB}"
EndProject
Project("{FAE04EC0-301F-11D3-BF4B-00C04F79EFBC}") = "Bai_2.0_VongLap_While_DoWhile_For", "Bai_2.0_VongLap_While_DoWhile_For\Bai_2.0_VongLap_While_DoWhile_For.csproj", "{0B6A7636-E0DB-4443-A3E2-FDAE27D91B73}"
EndProject
Project("{FAE04EC0-301F-11D3-BF4B-00C04F79EFBC}") = "Bai_2.1_Array", "Bai_2.1_Array\Bai_2.1_Array.csproj", "{28FBF5C4-50C0-407A-B3FA-29AB0DC56DC9}"
EndProject
Project("{FAE04EC0-301F-11D3-BF4B-00C04F79EFBC}") = "Bai_2.2_ArrayThuatToanNoiBot", "Bai_2.2_ArrayThuatToanNoiBot\Bai_2.2_ArrayThuatToanNoiBot.csproj", "{5A484EDA-C1B8-45EF-B26A-17C7F3D61841}"
EndProject
Project("{FAE04EC0-301F-11D3-BF4B-00C04F79EFBC}") = "Bai_2.3_CauLenh_Switch_Case", "Bai_2.3_CauLenh_Switch_Case\Bai_2.3_CauLenh_Switch_Case.csproj", "{323C14C1-0D75-4C25-9470-64BDB9EA07CD}"
EndProject
Project("{FAE04EC0-301F-11D3-BF4B-00C04F79EFBC}") = "Bai_2.4_ArrayList", "Bai_2.4_ArrayList\Bai_2.4_ArrayList.csproj", "{A3687814-B05E-413D-A780-F1A0A6BD04E4}"
EndProject
Project("{FAE04EC0-301F-11D3-BF4B-00C04F79EFBC}") = "Bai_2.5_List", "Bai_2.5_List\Bai_2.5_List.csproj", "{296B952C-FEEE-4981-818D-E5F4BC211CAF}"
EndProject
Project("{FAE04EC0-301F-11D3-BF4B-00C04F79EFBC}") = "Bai_2.6_TryCatch", "Bai_2.6_TryCatch\Bai_2.6_TryCatch.csproj", "{2D6F8D0E-CB2C-4E65-85B8-0982A89217E0}"
EndProject
Project("{FAE04EC0-301F-11D3-BF4B-00C04F79EFBC}") = "Bai_2.7_OOP_LapTrinhHuongDoiTuong", "Bai_2.7_OOP_LapTrinhHuongDoiTuong\Bai_2.7_OOP_LapTrinhHuongDoiTuong.csproj", "{3BD646C3-F983-46B7-A25E-7F36454AB694}"
EndProject
Project("{FAE04EC0-301F-11D3-BF4B-00C04F79EFBC}") = "Bai_2.8_BAITAP_MAU_OOP_ARRAY", "BAI_2.8_BAITAP_MAU_OOP_ARRAY\Bai_2.8_BAITAP_MAU_OOP_ARRAY.csproj", "{EA700622-BA60-4E4B-AF68-D0A6272AFFF6}"
EndProject
Project("{FAE04EC0-301F-11D3-BF4B-00C04F79EFBC}") = "Bai_2.9_Method_PhuongThuc", "Bai_2.9_Method_PhuongThuc\Bai_2.9_Method_PhuongThuc.csproj", "{36D0E68C-80F4-4BB3-91F0-58EAF3242769}"
EndProject
Project("{FAE04EC0-301F-11D3-BF4B-00C04F79EFBC}") = "Bai_3.0_XuLyChuoi", "Bai_3.0_XuLyChuoi\Bai_3.0_XuLyChuoi.csproj", "{83B7CBAE-2ECF-4693-94AE-59248BC6CA60}"
EndProject
Project("{FAE04EC0-301F-11D3-BF4B-00C04F79EFBC}") = "Bai_3_1_OOP_TinhKeThua", "Bai_3_1_OOP_TinhKeThua\Bai_3_1_OOP_TinhKeThua.csproj", "{D2F88094-2ECF-447D-AF1E-EE7F0E612104}"
EndProject
Global
	GlobalSection(SolutionConfigurationPlatforms) = preSolution
		Debug|Any CPU = Debug|Any CPU
		Release|Any CPU = Release|Any CPU
	EndGlobalSection
	GlobalSection(ProjectConfigurationPlatforms) = postSolution
		{B0D0A23D-294B-4B00-8F0F-B68F41E4162D}.Debug|Any CPU.ActiveCfg = Debug|Any CPU
		{B0D0A23D-294B-4B00-8F0F-B68F41E4162D}.Debug|Any CPU.Build.0 = Debug|Any CPU
		{B0D0A23D-294B-4B00-8F0F-B68F41E4162D}.Release|Any CPU.ActiveCfg = Release|Any CPU
		{B0D0A23D-294B-4B00-8F0F-B68F41E4162D}.Release|Any CPU.Build.0 = Release|Any CPU
		{B081A142-32C7-4DA6-8B48-2640EE7D1FAC}.Debug|Any CPU.ActiveCfg = Debug|Any CPU
		{B081A142-32C7-4DA6-8B48-2640EE7D1FAC}.Debug|Any CPU.Build.0 = Debug|Any CPU
		{B081A142-32C7-4DA6-8B48-2640EE7D1FAC}.Release|Any CPU.ActiveCfg = Release|Any CPU
		{B081A142-32C7-4DA6-8B48-2640EE7D1FAC}.Release|Any CPU.Build.0 = Release|Any CPU
		{E71DEEE3-CD79-415D-9BCF-B336E82C3560}.Debug|Any CPU.ActiveCfg = Debug|Any CPU
		{E71DEEE3-CD79-415D-9BCF-B336E82C3560}.Debug|Any CPU.Build.0 = Debug|Any CPU
		{E71DEEE3-CD79-415D-9BCF-B336E82C3560}.Release|Any CPU.ActiveCfg = Release|Any CPU
		{E71DEEE3-CD79-415D-9BCF-B336E82C3560}.Release|Any CPU.Build.0 = Release|Any CPU
		{2FB1EDFF-99A2-4F1D-9A31-4C3C824B5162}.Debug|Any CPU.ActiveCfg = Debug|Any CPU
		{2FB1EDFF-99A2-4F1D-9A31-4C3C824B5162}.Debug|Any CPU.Build.0 = Debug|Any CPU
		{2FB1EDFF-99A2-4F1D-9A31-4C3C824B5162}.Release|Any CPU.ActiveCfg = Release|Any CPU
		{2FB1EDFF-99A2-4F1D-9A31-4C3C824B5162}.Release|Any CPU.Build.0 = Release|Any CPU
		{340870B1-217E-478A-8FC7-9E3F7D3A64AB}.Debug|Any CPU.ActiveCfg = Debug|Any CPU
		{340870B1-217E-478A-8FC7-9E3F7D3A64AB}.Debug|Any CPU.Build.0 = Debug|Any CPU
		{340870B1-217E-478A-8FC7-9E3F7D3A64AB}.Release|Any CPU.ActiveCfg = Release|Any CPU
		{340870B1-217E-478A-8FC7-9E3F7D3A64AB}.Release|Any CPU.Build.0 = Release|Any CPU
		{BAA44330-00A1-40BE-AAF9-6BFB57640F16}.Debug|Any CPU.ActiveCfg = Debug|Any CPU
		{BAA44330-00A1-40BE-AAF9-6BFB57640F16}.Debug|Any CPU.Build.0 = Debug|Any CPU
		{BAA44330-00A1-40BE-AAF9-6BFB57640F16}.Release|Any CPU.ActiveCfg = Release|Any CPU
		{BAA44330-00A1-40BE-AAF9-6BFB57640F16}.Release|Any CPU.Build.0 = Release|Any CPU
		{993BD25B-8972-4CBE-88F0-C73A04AE427C}.Debug|Any CPU.ActiveCfg = Debug|Any CPU
		{993BD25B-8972-4CBE-88F0-C73A04AE427C}.Debug|Any CPU.Build.0 = Debug|Any CPU
		{993BD25B-8972-4CBE-88F0-C73A04AE427C}.Release|Any CPU.ActiveCfg = Release|Any CPU
		{993BD25B-8972-4CBE-88F0-C73A04AE427C}.Release|Any CPU.Build.0 = Release|Any CPU
		{D91ACFF4-1297-4E32-9659-B08AC488ED1C}.Debug|Any CPU.ActiveCfg = Debug|Any CPU
		{D91ACFF4-1297-4E32-9659-B08AC488ED1C}.Debug|Any CPU.Build.0 = Debug|Any CPU
		{D91ACFF4-1297-4E32-9659-B08AC488ED1C}.Release|Any CPU.ActiveCfg = Release|Any CPU
		{D91ACFF4-1297-4E32-9659-B08AC488ED1C}.Release|Any CPU.Build.0 = Release|Any CPU
		{EFABBD2A-C698-4598-A887-6F69075866DB}.Debug|Any CPU.ActiveCfg = Debug|Any CPU
		{EFABBD2A-C698-4598-A887-6F69075866DB}.Debug|Any CPU.Build.0 = Debug|Any CPU
		{EFABBD2A-C698-4598-A887-6F69075866DB}.Release|Any CPU.ActiveCfg = Release|Any CPU
		{EFABBD2A-C698-4598-A887-6F69075866DB}.Release|Any CPU.Build.0 = Release|Any CPU
		{0B6A7636-E0DB-4443-A3E2-FDAE27D91B73}.Debug|Any CPU.ActiveCfg = Debug|Any CPU
		{0B6A7636-E0DB-4443-A3E2-FDAE27D91B73}.Debug|Any CPU.Build.0 = Debug|Any CPU
		{0B6A7636-E0DB-4443-A3E2-FDAE27D91B73}.Release|Any CPU.ActiveCfg = Release|Any CPU
		{0B6A7636-E0DB-4443-A3E2-FDAE27D91B73}.Release|Any CPU.Build.0 = Release|Any CPU
		{28FBF5C4-50C0-407A-B3FA-29AB0DC56DC9}.Debug|Any CPU.ActiveCfg = Debug|Any CPU
		{28FBF5C4-50C0-407A-B3FA-29AB0DC56DC9}.Debug|Any CPU.Build.0 = Debug|Any CPU
		{28FBF5C4-50C0-407A-B3FA-29AB0DC56DC9}.Release|Any CPU.ActiveCfg = Release|Any CPU
		{28FBF5C4-50C0-407A-B3FA-29AB0DC56DC9}.Release|Any CPU.Build.0 = Release|Any CPU
		{5A484EDA-C1B8-45EF-B26A-17C7F3D61841}.Debug|Any CPU.ActiveCfg = Debug|Any CPU
		{5A484EDA-C1B8-45EF-B26A-17C7F3D61841}.Debug|Any CPU.Build.0 = Debug|Any CPU
		{5A484EDA-C1B8-45EF-B26A-17C7F3D61841}.Release|Any CPU.ActiveCfg = Release|Any CPU
		{5A484EDA-C1B8-45EF-B26A-17C7F3D61841}.Release|Any CPU.Build.0 = Release|Any CPU
		{323C14C1-0D75-4C25-9470-64BDB9EA07CD}.Debug|Any CPU.ActiveCfg = Debug|Any CPU
		{323C14C1-0D75-4C25-9470-64BDB9EA07CD}.Debug|Any CPU.Build.0 = Debug|Any CPU
		{323C14C1-0D75-4C25-9470-64BDB9EA07CD}.Release|Any CPU.ActiveCfg = Release|Any CPU
		{323C14C1-0D75-4C25-9470-64BDB9EA07CD}.Release|Any CPU.Build.0 = Release|Any CPU
		{A3687814-B05E-413D-A780-F1A0A6BD04E4}.Debug|Any CPU.ActiveCfg = Debug|Any CPU
		{A3687814-B05E-413D-A780-F1A0A6BD04E4}.Debug|Any CPU.Build.0 = Debug|Any CPU
		{A3687814-B05E-413D-A780-F1A0A6BD04E4}.Release|Any CPU.ActiveCfg = Release|Any CPU
		{A3687814-B05E-413D-A780-F1A0A6BD04E4}.Release|Any CPU.Build.0 = Release|Any CPU
		{296B952C-FEEE-4981-818D-E5F4BC211CAF}.Debug|Any CPU.ActiveCfg = Debug|Any CPU
		{296B952C-FEEE-4981-818D-E5F4BC211CAF}.Debug|Any CPU.Build.0 = Debug|Any CPU
		{296B952C-FEEE-4981-818D-E5F4BC211CAF}.Release|Any CPU.ActiveCfg = Release|Any CPU
		{296B952C-FEEE-4981-818D-E5F4BC211CAF}.Release|Any CPU.Build.0 = Release|Any CPU
		{2D6F8D0E-CB2C-4E65-85B8-0982A89217E0}.Debug|Any CPU.ActiveCfg = Debug|Any CPU
		{2D6F8D0E-CB2C-4E65-85B8-0982A89217E0}.Debug|Any CPU.Build.0 = Debug|Any CPU
		{2D6F8D0E-CB2C-4E65-85B8-0982A89217E0}.Release|Any CPU.ActiveCfg = Release|Any CPU
		{2D6F8D0E-CB2C-4E65-85B8-0982A89217E0}.Release|Any CPU.Build.0 = Release|Any CPU
		{3BD646C3-F983-46B7-A25E-7F36454AB694}.Debug|Any CPU.ActiveCfg = Debug|Any CPU
		{3BD646C3-F983-46B7-A25E-7F36454AB694}.Debug|Any CPU.Build.0 = Debug|Any CPU
		{3BD646C3-F983-46B7-A25E-7F36454AB694}.Release|Any CPU.ActiveCfg = Release|Any CPU
		{3BD646C3-F983-46B7-A25E-7F36454AB694}.Release|Any CPU.Build.0 = Release|Any CPU
		{EA700622-BA60-4E4B-AF68-D0A6272AFFF6}.Debug|Any CPU.ActiveCfg = Debug|Any CPU
		{EA700622-BA60-4E4B-AF68-D0A6272AFFF6}.Debug|Any CPU.Build.0 = Debug|Any CPU
		{EA700622-BA60-4E4B-AF68-D0A6272AFFF6}.Release|Any CPU.ActiveCfg = Release|Any CPU
		{EA700622-BA60-4E4B-AF68-D0A6272AFFF6}.Release|Any CPU.Build.0 = Release|Any CPU
		{36D0E68C-80F4-4BB3-91F0-58EAF3242769}.Debug|Any CPU.ActiveCfg = Debug|Any CPU
		{36D0E68C-80F4-4BB3-91F0-58EAF3242769}.Debug|Any CPU.Build.0 = Debug|Any CPU
		{36D0E68C-80F4-4BB3-91F0-58EAF3242769}.Release|Any CPU.ActiveCfg = Release|Any CPU
		{36D0E68C-80F4-4BB3-91F0-58EAF3242769}.Release|Any CPU.Build.0 = Release|Any CPU
		{83B7CBAE-2ECF-4693-94AE-59248BC6CA60}.Debug|Any CPU.ActiveCfg = Debug|Any CPU
		{83B7CBAE-2ECF-4693-94AE-59248BC6CA60}.Debug|Any CPU.Build.0 = Debug|Any CPU
		{83B7CBAE-2ECF-4693-94AE-59248BC6CA60}.Release|Any CPU.ActiveCfg = Release|Any CPU
		{83B7CBAE-2ECF-4693-94AE-59248BC6CA60}.Release|Any CPU.Build.0 = Release|Any CPU
		{D2F88094-2ECF-447D-AF1E-EE7F0E612104}.Debug|Any CPU.ActiveCfg = Debug|Any CPU
		{D2F88094-2ECF-447D-AF1E-EE7F0E612104}.Debug|Any CPU.Build.0 = Debug|Any CPU
		{D2F88094-2ECF-447D-AF1E-EE7F0E612104}.Release|Any CPU.ActiveCfg = Release|Any CPU
		{D2F88094-2ECF-447D-AF1E-EE7F0E612104}.Release|Any CPU.Build.0 = Release|Any CPU
	EndGlobalSection
	GlobalSection(SolutionProperties) = preSolution
		HideSolutionNode = FALSE
	EndGlobalSection
	GlobalSection(ExtensibilityGlobals) = postSolution
		SolutionGuid = {2207BE63-4C10-4359-87E6-C2C6F4C0A427}
	EndGlobalSection
EndGlobal
