
Microsoft Visual Studio Solution File, Format Version 12.00
# Visual Studio Version 17
VisualStudioVersion = 17.0.32014.148
MinimumVisualStudioVersion = 10.0.40219.1
Project("{FAE04EC0-301F-11D3-BF4B-00C04F79EFBC}") = "BAI_1.1_LamQuenVoiCSharp", "BAI_1.1_LamQuenVoiCSharp\BAI_1.1_LamQuenVoiCSharp.csproj", "{B0D0A23D-294B-4B00-8F0F-B68F41E4162D}"
EndProject
Global
	GlobalSection(SolutionConfigurationPlatforms) = preSolution
		Debug|Any CPU = Debug|Any CPU
		Release|Any CPU = Release|Any CPU
	EndGlobalSection
	GlobalSection(ProjectConfigurationPlatforms) = postSolution
		{B0D0A23D-294B-4B00-8F0F-B68F41E4162D}.Debug|Any CPU.ActiveCfg = Debug|Any CPU
		{B0D0A23D-294B-4B00-8F0F-B68F41E4162D}.Debug|Any CPU.Build.0 = Debug|Any CPU
		{B0D0A23D-294B-4B00-8F0F-B68F41E4162D}.Release|Any CPU.ActiveCfg = Release|Any CPU
		{B0D0A23D-294B-4B00-8F0F-B68F41E4162D}.Release|Any CPU.Build.0 = Release|Any CPU
	EndGlobalSection
	GlobalSection(SolutionProperties) = preSolution
		HideSolutionNode = FALSE
	EndGlobalSection
	GlobalSection(ExtensibilityGlobals) = postSolution
		SolutionGuid = {2207BE63-4C10-4359-87E6-C2C6F4C0A427}
	EndGlobalSection
EndGlobal
